
Microsoft Visual Studio Solution File, Format Version 12.00
# Visual Studio Version 17
VisualStudioVersion = 17.3.32929.385
MinimumVisualStudioVersion = 10.0.40219.1
Project("{FAE04EC0-301F-11D3-BF4B-00C04F79EFBC}") = "tetriss", "tetriss\tetriss.csproj", "{6FF9255B-EC78-4B02-8F95-B572DDCB0DB3}"
EndProject
Global
	GlobalSection(SolutionConfigurationPlatforms) = preSolution
		Debug|Any CPU = Debug|Any CPU
		Release|Any CPU = Release|Any CPU
	EndGlobalSection
	GlobalSection(ProjectConfigurationPlatforms) = postSolution
		{6FF9255B-EC78-4B02-8F95-B572DDCB0DB3}.Debug|Any CPU.ActiveCfg = Debug|Any CPU
		{6FF9255B-EC78-4B02-8F95-B572DDCB0DB3}.Debug|Any CPU.Build.0 = Debug|Any CPU
		{6FF9255B-EC78-4B02-8F95-B572DDCB0DB3}.Release|Any CPU.ActiveCfg = Release|Any CPU
		{6FF9255B-EC78-4B02-8F95-B572DDCB0DB3}.Release|Any CPU.Build.0 = Release|Any CPU
	EndGlobalSection
	GlobalSection(SolutionProperties) = preSolution
		HideSolutionNode = FALSE
	EndGlobalSection
	GlobalSection(ExtensibilityGlobals) = postSolution
		SolutionGuid = {9E7D83E5-2096-4565-AF7E-0B975104C02B}
	EndGlobalSection
EndGlobal
